
Microsoft Visual Studio Solution File, Format Version 11.00
# Visual Studio 2010
Project("{FAE04EC0-301F-11D3-BF4B-00C04F79EFBC}") = "WorkingDaysWebService", "WorkingDaysWebService\WorkingDaysWebService.csproj", "{541C0B32-AB0D-470E-ACED-456BD7029F33}"
EndProject
Project("{FAE04EC0-301F-11D3-BF4B-00C04F79EFBC}") = "WorkingDaysWebService.Tests", "WorkingDaysWebService.Tests\WorkingDaysWebService.Tests.csproj", "{7BB1F32C-B657-4C47-BE87-111C51774338}"
EndProject
Global
	GlobalSection(SolutionConfigurationPlatforms) = preSolution
		Debug|Any CPU = Debug|Any CPU
		Release|Any CPU = Release|Any CPU
	EndGlobalSection
	GlobalSection(ProjectConfigurationPlatforms) = postSolution
		{541C0B32-AB0D-470E-ACED-456BD7029F33}.Debug|Any CPU.ActiveCfg = Debug|Any CPU
		{541C0B32-AB0D-470E-ACED-456BD7029F33}.Debug|Any CPU.Build.0 = Debug|Any CPU
		{541C0B32-AB0D-470E-ACED-456BD7029F33}.Release|Any CPU.ActiveCfg = Release|Any CPU
		{541C0B32-AB0D-470E-ACED-456BD7029F33}.Release|Any CPU.Build.0 = Release|Any CPU
		{7BB1F32C-B657-4C47-BE87-111C51774338}.Debug|Any CPU.ActiveCfg = Debug|Any CPU
		{7BB1F32C-B657-4C47-BE87-111C51774338}.Debug|Any CPU.Build.0 = Debug|Any CPU
		{7BB1F32C-B657-4C47-BE87-111C51774338}.Release|Any CPU.ActiveCfg = Release|Any CPU
		{7BB1F32C-B657-4C47-BE87-111C51774338}.Release|Any CPU.Build.0 = Release|Any CPU
	EndGlobalSection
	GlobalSection(SolutionProperties) = preSolution
		HideSolutionNode = FALSE
	EndGlobalSection
EndGlobal
